<?xml version="1.0" encoding="utf-8"?>
<Project ToolsVersion="4.0" xmlns="http://schemas.microsoft.com/developer/msbuild/2003">
  <ItemGroup>
    <ClCompile Include="config.cpp" />
    <ClCompile Include="barcos.cpp" />
    <ClCompile Include="Consola.cpp" />
    <ClCompile Include="Interface.cpp" />
    <ClCompile Include="main.cpp" />
    <ClCompile Include="Mapa.cpp" />
    <ClCompile Include="opcoes.cpp" />
    <ClCompile Include="portos.cpp" />
    <ClCompile Include="jogador.cpp" />
  </ItemGroup>
  <ItemGroup>
    <ClInclude Include="config.h" />
    <ClInclude Include="barcos.h" />
    <ClInclude Include="Consola.h" />
    <ClInclude Include="Interface.h" />
    <ClInclude Include="Lib.h" />
    <ClInclude Include="Mapa.h" />
    <ClInclude Include="opcoes.h" />
    <ClInclude Include="portos.h" />
    <ClInclude Include="jogador.h" />
  </ItemGroup>
</Project>